{
  "name": "2023-Cohort-Projects",
  "lockfileVersion": 3,
  "requires": true,
  "packages": {
    "": {
      "dependencies": {
        "@tanstack/react-query": "^4.29.25",
        "@trpc/client": "^10.34.0",
        "@trpc/react-query": "^10.34.0",
        "@trpc/server": "^10.34.0",
        "zod": "^3.21.4"
      }
    },
    "node_modules/@tanstack/query-core": {
      "version": "4.29.25",
      "resolved": "https://registry.npmjs.org/@tanstack/query-core/-/query-core-4.29.25.tgz",
      "integrity": "sha512-DI4y4VC6Uw4wlTpOocEXDky69xeOScME1ezLKsj+hOk7DguC9fkqXtp6Hn39BVb9y0b5IBrY67q6kIX623Zj4Q==",
      "funding": {
        "type": "github",
        "url": "https://github.com/sponsors/tannerlinsley"
      }
    },
    "node_modules/@tanstack/react-query": {
      "version": "4.29.25",
      "resolved": "https://registry.npmjs.org/@tanstack/react-query/-/react-query-4.29.25.tgz",
      "integrity": "sha512-c1+Ezu+XboYrdAMdusK2fTdRqXPMgPAnyoTrzHOZQqr8Hqz6PNvV9DSKl8agUo6nXX4np7fdWabIprt+838dLg==",
      "dependencies": {
        "@tanstack/query-core": "4.29.25",
        "use-sync-external-store": "^1.2.0"
      },
      "funding": {
        "type": "github",
        "url": "https://github.com/sponsors/tannerlinsley"
      },
      "peerDependencies": {
        "react": "^16.8.0 || ^17.0.0 || ^18.0.0",
        "react-dom": "^16.8.0 || ^17.0.0 || ^18.0.0",
        "react-native": "*"
      },
      "peerDependenciesMeta": {
        "react-dom": {
          "optional": true
        },
        "react-native": {
          "optional": true
        }
      }
    },
    "node_modules/@trpc/client": {
      "version": "10.34.0",
      "resolved": "https://registry.npmjs.org/@trpc/client/-/client-10.34.0.tgz",
      "integrity": "sha512-nqtDTIqSY/9syo2EjSy4WWWXPU9GsamEh9Tsg698gLAh1nhgFc5+/YYeb+Ne1pbvWGZ5/3t9Dcz3h4wMyyJ9gQ==",
      "funding": [
        "https://trpc.io/sponsor"
      ],
      "peerDependencies": {
        "@trpc/server": "10.34.0"
      }
    },
    "node_modules/@trpc/react-query": {
      "version": "10.34.0",
      "resolved": "https://registry.npmjs.org/@trpc/react-query/-/react-query-10.34.0.tgz",
      "integrity": "sha512-dnp7CmCBXwBgd8nAjMoHWMJwQrvAzjP+f8EXKfJVF66y9FydTBTf4CuXRh+A4EgA5CZeu4Ecva4D61Eu2I13GA==",
      "funding": [
        "https://trpc.io/sponsor"
      ],
      "peerDependencies": {
        "@tanstack/react-query": "^4.18.0",
        "@trpc/client": "10.34.0",
        "@trpc/server": "10.34.0",
        "react": ">=16.8.0",
        "react-dom": ">=16.8.0"
      }
    },
    "node_modules/@trpc/server": {
      "version": "10.34.0",
      "resolved": "https://registry.npmjs.org/@trpc/server/-/server-10.34.0.tgz",
      "integrity": "sha512-2VMW44Fpaoyqb50dBtzdSWMhqt8lmoJiocEyBBeDb03R0W+XrzbVD5kU/wqKPlcp1DWeNCkOEIMtetMZCfo1hA==",
      "funding": [
        "https://trpc.io/sponsor"
      ]
    },
    "node_modules/js-tokens": {
      "version": "4.0.0",
      "resolved": "https://registry.npmjs.org/js-tokens/-/js-tokens-4.0.0.tgz",
      "integrity": "sha512-RdJUflcE3cUzKiMqQgsCu06FPu9UdIJO0beYbPhHN4k6apgJtifcoCtT9bcxOpYBtpD2kCM6Sbzg4CausW/PKQ==",
      "peer": true
    },
    "node_modules/loose-envify": {
      "version": "1.4.0",
      "resolved": "https://registry.npmjs.org/loose-envify/-/loose-envify-1.4.0.tgz",
      "integrity": "sha512-lyuxPGr/Wfhrlem2CL/UcnUc1zcqKAImBDzukY7Y5F/yQiNdko6+fRLevlw1HgMySw7f611UIY408EtxRSoK3Q==",
      "peer": true,
      "dependencies": {
        "js-tokens": "^3.0.0 || ^4.0.0"
      },
      "bin": {
        "loose-envify": "cli.js"
      }
    },
    "node_modules/react": {
      "version": "18.2.0",
      "resolved": "https://registry.npmjs.org/react/-/react-18.2.0.tgz",
      "integrity": "sha512-/3IjMdb2L9QbBdWiW5e3P2/npwMBaU9mHCSCUzNln0ZCYbcfTsGbTJrU/kGemdH2IWmB2ioZ+zkxtmq6g09fGQ==",
      "peer": true,
      "dependencies": {
        "loose-envify": "^1.1.0"
      },
      "engines": {
        "node": ">=0.10.0"
      }
    },
    "node_modules/react-dom": {
      "version": "18.2.0",
      "resolved": "https://registry.npmjs.org/react-dom/-/react-dom-18.2.0.tgz",
      "integrity": "sha512-6IMTriUmvsjHUjNtEDudZfuDQUoWXVxKHhlEGSk81n4YFS+r/Kl99wXiwlVXtPBtJenozv2P+hxDsw9eA7Xo6g==",
      "peer": true,
      "dependencies": {
        "loose-envify": "^1.1.0",
        "scheduler": "^0.23.0"
      },
      "peerDependencies": {
        "react": "^18.2.0"
      }
    },
    "node_modules/scheduler": {
      "version": "0.23.0",
      "resolved": "https://registry.npmjs.org/scheduler/-/scheduler-0.23.0.tgz",
      "integrity": "sha512-CtuThmgHNg7zIZWAXi3AsyIzA3n4xx7aNyjwC2VJldO2LMVDhFK+63xGqq6CsJH4rTAt6/M+N4GhZiDYPx9eUw==",
      "peer": true,
      "dependencies": {
        "loose-envify": "^1.1.0"
      }
    },
    "node_modules/use-sync-external-store": {
      "version": "1.2.0",
      "resolved": "https://registry.npmjs.org/use-sync-external-store/-/use-sync-external-store-1.2.0.tgz",
      "integrity": "sha512-eEgnFxGQ1Ife9bzYs6VLi8/4X6CObHMw9Qr9tPY43iKwsPw8xE8+EFsf/2cFZ5S3esXgpWgtSCtLNS41F+sKPA==",
      "peerDependencies": {
        "react": "^16.8.0 || ^17.0.0 || ^18.0.0"
      }
    },
    "node_modules/zod": {
      "version": "3.21.4",
      "resolved": "https://registry.npmjs.org/zod/-/zod-3.21.4.tgz",
      "integrity": "sha512-m46AKbrzKVzOzs/DZgVnG5H55N1sv1M8qZU3A8RIKbs3mrACDNeIOeilDymVb2HdmP8uwshOCF4uJ8uM9rCqJw==",
      "funding": {
        "url": "https://github.com/sponsors/colinhacks"
      }
    }
  }
}
